
Microsoft Visual Studio Solution File, Format Version 12.00
# Visual Studio 15
VisualStudioVersion = 15.0.27703.2042
MinimumVisualStudioVersion = 10.0.40219.1
Project("{FAE04EC0-301F-11D3-BF4B-00C04F79EFBC}") = "MongoServiceApi", "MongoServiceApi\MongoServiceApi.csproj", "{8D122311-E8F5-4870-8A25-8A3F5BB62603}"
EndProject
Project("{FAE04EC0-301F-11D3-BF4B-00C04F79EFBC}") = "BlogTestConfiguration", "BlogTestConfiguration\BlogTestConfiguration.csproj", "{AF84D911-9274-453F-B9E3-2D2EE3ECA33A}"
EndProject
Project("{FAE04EC0-301F-11D3-BF4B-00C04F79EFBC}") = "BlogApplication", "BlogApplication\BlogApplication.csproj", "{729C3274-A92F-4A6A-B068-8A9D27B35A77}"
EndProject
Project("{FAE04EC0-301F-11D3-BF4B-00C04F79EFBC}") = "Client", "Client\Client.csproj", "{88AFDA58-717D-440E-8EA3-C76C82285608}"
EndProject
Global
	GlobalSection(SolutionConfigurationPlatforms) = preSolution
		Debug|Any CPU = Debug|Any CPU
		Release|Any CPU = Release|Any CPU
	EndGlobalSection
	GlobalSection(ProjectConfigurationPlatforms) = postSolution
		{8D122311-E8F5-4870-8A25-8A3F5BB62603}.Debug|Any CPU.ActiveCfg = Debug|Any CPU
		{8D122311-E8F5-4870-8A25-8A3F5BB62603}.Debug|Any CPU.Build.0 = Debug|Any CPU
		{8D122311-E8F5-4870-8A25-8A3F5BB62603}.Release|Any CPU.ActiveCfg = Release|Any CPU
		{8D122311-E8F5-4870-8A25-8A3F5BB62603}.Release|Any CPU.Build.0 = Release|Any CPU
		{AF84D911-9274-453F-B9E3-2D2EE3ECA33A}.Debug|Any CPU.ActiveCfg = Debug|Any CPU
		{AF84D911-9274-453F-B9E3-2D2EE3ECA33A}.Debug|Any CPU.Build.0 = Debug|Any CPU
		{AF84D911-9274-453F-B9E3-2D2EE3ECA33A}.Release|Any CPU.ActiveCfg = Release|Any CPU
		{AF84D911-9274-453F-B9E3-2D2EE3ECA33A}.Release|Any CPU.Build.0 = Release|Any CPU
		{729C3274-A92F-4A6A-B068-8A9D27B35A77}.Debug|Any CPU.ActiveCfg = Debug|Any CPU
		{729C3274-A92F-4A6A-B068-8A9D27B35A77}.Debug|Any CPU.Build.0 = Debug|Any CPU
		{729C3274-A92F-4A6A-B068-8A9D27B35A77}.Release|Any CPU.ActiveCfg = Release|Any CPU
		{729C3274-A92F-4A6A-B068-8A9D27B35A77}.Release|Any CPU.Build.0 = Release|Any CPU
		{88AFDA58-717D-440E-8EA3-C76C82285608}.Debug|Any CPU.ActiveCfg = Debug|Any CPU
		{88AFDA58-717D-440E-8EA3-C76C82285608}.Debug|Any CPU.Build.0 = Debug|Any CPU
		{88AFDA58-717D-440E-8EA3-C76C82285608}.Release|Any CPU.ActiveCfg = Release|Any CPU
		{88AFDA58-717D-440E-8EA3-C76C82285608}.Release|Any CPU.Build.0 = Release|Any CPU
	EndGlobalSection
	GlobalSection(SolutionProperties) = preSolution
		HideSolutionNode = FALSE
	EndGlobalSection
	GlobalSection(ExtensibilityGlobals) = postSolution
		SolutionGuid = {15772F01-7C02-4708-BD2B-42AAFB173D50}
	EndGlobalSection
EndGlobal
